
Microsoft Visual Studio Solution File, Format Version 12.00
# Visual Studio Version 17
VisualStudioVersion = 17.4.32916.344
MinimumVisualStudioVersion = 10.0.40219.1
Project("{FAE04EC0-301F-11D3-BF4B-00C04F79EFBC}") = "Csharp-Calculator", "Csharp-Calculator\Csharp-Calculator.csproj", "{AE72764A-322C-4AB7-B5B5-CAF9C6F3D47F}"
EndProject
Global
	GlobalSection(SolutionConfigurationPlatforms) = preSolution
		Debug|Any CPU = Debug|Any CPU
		Release|Any CPU = Release|Any CPU
	EndGlobalSection
	GlobalSection(ProjectConfigurationPlatforms) = postSolution
		{AE72764A-322C-4AB7-B5B5-CAF9C6F3D47F}.Debug|Any CPU.ActiveCfg = Debug|Any CPU
		{AE72764A-322C-4AB7-B5B5-CAF9C6F3D47F}.Debug|Any CPU.Build.0 = Debug|Any CPU
		{AE72764A-322C-4AB7-B5B5-CAF9C6F3D47F}.Release|Any CPU.ActiveCfg = Release|Any CPU
		{AE72764A-322C-4AB7-B5B5-CAF9C6F3D47F}.Release|Any CPU.Build.0 = Release|Any CPU
	EndGlobalSection
	GlobalSection(SolutionProperties) = preSolution
		HideSolutionNode = FALSE
	EndGlobalSection
	GlobalSection(ExtensibilityGlobals) = postSolution
		SolutionGuid = {7D92B927-CEB0-4A8A-82D6-AB945CCC3F52}
	EndGlobalSection
EndGlobal
